
Microsoft Visual Studio Solution File, Format Version 12.00
# Visual Studio Version 16
VisualStudioVersion = 16.0.30523.141
MinimumVisualStudioVersion = 10.0.40219.1
Project("{9A19103F-16F7-4668-BE54-9A1E7A4F7556}") = "act3_Toledo_PURCHASE", "act3_Toledo_PURCHASE\act3_Toledo_PURCHASE.csproj", "{6E995440-60BD-49FA-9BE1-A05A6BD78643}"
EndProject
Project("{FAE04EC0-301F-11D3-BF4B-00C04F79EFBC}") = "ClassLibrary1", "ClassLibrary1\ClassLibrary1.csproj", "{7038DFB3-A6E4-44FA-9EDE-F3D256ED4277}"
EndProject
Global
	GlobalSection(SolutionConfigurationPlatforms) = preSolution
		Debug|Any CPU = Debug|Any CPU
		Release|Any CPU = Release|Any CPU
	EndGlobalSection
	GlobalSection(ProjectConfigurationPlatforms) = postSolution
		{6E995440-60BD-49FA-9BE1-A05A6BD78643}.Debug|Any CPU.ActiveCfg = Debug|Any CPU
		{6E995440-60BD-49FA-9BE1-A05A6BD78643}.Debug|Any CPU.Build.0 = Debug|Any CPU
		{6E995440-60BD-49FA-9BE1-A05A6BD78643}.Release|Any CPU.ActiveCfg = Release|Any CPU
		{6E995440-60BD-49FA-9BE1-A05A6BD78643}.Release|Any CPU.Build.0 = Release|Any CPU
		{7038DFB3-A6E4-44FA-9EDE-F3D256ED4277}.Debug|Any CPU.ActiveCfg = Debug|Any CPU
		{7038DFB3-A6E4-44FA-9EDE-F3D256ED4277}.Debug|Any CPU.Build.0 = Debug|Any CPU
		{7038DFB3-A6E4-44FA-9EDE-F3D256ED4277}.Release|Any CPU.ActiveCfg = Release|Any CPU
		{7038DFB3-A6E4-44FA-9EDE-F3D256ED4277}.Release|Any CPU.Build.0 = Release|Any CPU
	EndGlobalSection
	GlobalSection(SolutionProperties) = preSolution
		HideSolutionNode = FALSE
	EndGlobalSection
	GlobalSection(ExtensibilityGlobals) = postSolution
		SolutionGuid = {2223BC60-2C4A-49B0-8C9D-0D3393BA883D}
	EndGlobalSection
EndGlobal
